// !$*UTF8*$!
{
	archiveVersion = 1;
	classes = {
	};
	objectVersion = 48;
	objects = {

/* Begin PBXBuildFile section */
		FF371C531F65110000A47F29 /* ImageDownloadService.swift in Sources */ = {isa = PBXBuildFile; fileRef = FF371C521F65110000A47F29 /* ImageDownloadService.swift */; };
		FF371C551F651EAB00A47F29 /* Models.swift in Sources */ = {isa = PBXBuildFile; fileRef = FF371C541F651EAB00A47F29 /* Models.swift */; };
		FF371C571F65234E00A47F29 /* ImageDownloadServiceTest.swift in Sources */ = {isa = PBXBuildFile; fileRef = FF371C561F65234E00A47F29 /* ImageDownloadServiceTest.swift */; };
		FFC873F41F6454580025042D /* AppDelegate.swift in Sources */ = {isa = PBXBuildFile; fileRef = FFC873F31F6454580025042D /* AppDelegate.swift */; };
		FFC873F61F6454580025042D /* ImagesViewController.swift in Sources */ = {isa = PBXBuildFile; fileRef = FFC873F51F6454580025042D /* ImagesViewController.swift */; };
		FFC873F91F6454580025042D /* Images.storyboard in Resources */ = {isa = PBXBuildFile; fileRef = FFC873F71F6454580025042D /* Images.storyboard */; };
		FFC873FB1F6454580025042D /* Assets.xcassets in Resources */ = {isa = PBXBuildFile; fileRef = FFC873FA1F6454580025042D /* Assets.xcassets */; };
		FFC873FE1F6454580025042D /* LaunchScreen.storyboard in Resources */ = {isa = PBXBuildFile; fileRef = FFC873FC1F6454580025042D /* LaunchScreen.storyboard */; };
		FFC874091F6454580025042D /* FlickrDemoTests.swift in Sources */ = {isa = PBXBuildFile; fileRef = FFC874081F6454580025042D /* FlickrDemoTests.swift */; };
		FFC874501F645AC30025042D /* FlickrCore.framework in Frameworks */ = {isa = PBXBuildFile; fileRef = FFC874471F645AC30025042D /* FlickrCore.framework */; };
		FFC874571F645AC30025042D /* QueryServiceTest.swift in Sources */ = {isa = PBXBuildFile; fileRef = FFC874561F645AC30025042D /* QueryServiceTest.swift */; };
		FFC874591F645AC30025042D /* FlickrCore.h in Headers */ = {isa = PBXBuildFile; fileRef = FFC874491F645AC30025042D /* FlickrCore.h */; settings = {ATTRIBUTES = (Public, ); }; };
		FFC8745C1F645AC30025042D /* FlickrCore.framework in Frameworks */ = {isa = PBXBuildFile; fileRef = FFC874471F645AC30025042D /* FlickrCore.framework */; };
		FFC8745D1F645AC30025042D /* FlickrCore.framework in Embed Frameworks */ = {isa = PBXBuildFile; fileRef = FFC874471F645AC30025042D /* FlickrCore.framework */; settings = {ATTRIBUTES = (CodeSignOnCopy, RemoveHeadersOnCopy, ); }; };
		FFC874661F645AF10025042D /* QueryService.swift in Sources */ = {isa = PBXBuildFile; fileRef = FFC874651F645AF10025042D /* QueryService.swift */; };
		FFC874681F6463C80025042D /* APIClient.swift in Sources */ = {isa = PBXBuildFile; fileRef = FFC874671F6463C80025042D /* APIClient.swift */; };
/* End PBXBuildFile section */

/* Begin PBXContainerItemProxy section */
		FFC874051F6454580025042D /* PBXContainerItemProxy */ = {
			isa = PBXContainerItemProxy;
			containerPortal = FFC873E81F6454580025042D /* Project object */;
			proxyType = 1;
			remoteGlobalIDString = FFC873EF1F6454580025042D;
			remoteInfo = FlickrDemo;
		};
		FFC874511F645AC30025042D /* PBXContainerItemProxy */ = {
			isa = PBXContainerItemProxy;
			containerPortal = FFC873E81F6454580025042D /* Project object */;
			proxyType = 1;
			remoteGlobalIDString = FFC874461F645AC30025042D;
			remoteInfo = FlickrCore;
		};
		FFC8745A1F645AC30025042D /* PBXContainerItemProxy */ = {
			isa = PBXContainerItemProxy;
			containerPortal = FFC873E81F6454580025042D /* Project object */;
			proxyType = 1;
			remoteGlobalIDString = FFC874461F645AC30025042D;
			remoteInfo = FlickrCore;
		};
/* End PBXContainerItemProxy section */

/* Begin PBXCopyFilesBuildPhase section */
		FFC874631F645AC30025042D /* Embed Frameworks */ = {
			isa = PBXCopyFilesBuildPhase;
			buildActionMask = 2147483647;
			dstPath = "";
			dstSubfolderSpec = 10;
			files = (
				FFC8745D1F645AC30025042D /* FlickrCore.framework in Embed Frameworks */,
			);
			name = "Embed Frameworks";
			runOnlyForDeploymentPostprocessing = 0;
		};
/* End PBXCopyFilesBuildPhase section */

/* Begin PBXFileReference section */
		FF371C521F65110000A47F29 /* ImageDownloadService.swift */ = {isa = PBXFileReference; lastKnownFileType = sourcecode.swift; path = ImageDownloadService.swift; sourceTree = "<group>"; };
		FF371C541F651EAB00A47F29 /* Models.swift */ = {isa = PBXFileReference; lastKnownFileType = sourcecode.swift; path = Models.swift; sourceTree = "<group>"; };
		FF371C561F65234E00A47F29 /* ImageDownloadServiceTest.swift */ = {isa = PBXFileReference; lastKnownFileType = sourcecode.swift; path = ImageDownloadServiceTest.swift; sourceTree = "<group>"; };
		FFC873F01F6454580025042D /* FlickrDemo.app */ = {isa = PBXFileReference; explicitFileType = wrapper.application; includeInIndex = 0; path = FlickrDemo.app; sourceTree = BUILT_PRODUCTS_DIR; };
		FFC873F31F6454580025042D /* AppDelegate.swift */ = {isa = PBXFileReference; lastKnownFileType = sourcecode.swift; path = AppDelegate.swift; sourceTree = "<group>"; };
		FFC873F51F6454580025042D /* ImagesViewController.swift */ = {isa = PBXFileReference; lastKnownFileType = sourcecode.swift; path = ImagesViewController.swift; sourceTree = "<group>"; };
		FFC873F81F6454580025042D /* Base */ = {isa = PBXFileReference; lastKnownFileType = file.storyboard; name = Base; path = Base.lproj/Images.storyboard; sourceTree = "<group>"; };
		FFC873FA1F6454580025042D /* Assets.xcassets */ = {isa = PBXFileReference; lastKnownFileType = folder.assetcatalog; path = Assets.xcassets; sourceTree = "<group>"; };
		FFC873FD1F6454580025042D /* Base */ = {isa = PBXFileReference; lastKnownFileType = file.storyboard; name = Base; path = Base.lproj/LaunchScreen.storyboard; sourceTree = "<group>"; };
		FFC873FF1F6454580025042D /* Info.plist */ = {isa = PBXFileReference; lastKnownFileType = text.plist.xml; path = Info.plist; sourceTree = "<group>"; };
		FFC874041F6454580025042D /* FlickrDemoTests.xctest */ = {isa = PBXFileReference; explicitFileType = wrapper.cfbundle; includeInIndex = 0; path = FlickrDemoTests.xctest; sourceTree = BUILT_PRODUCTS_DIR; };
		FFC874081F6454580025042D /* FlickrDemoTests.swift */ = {isa = PBXFileReference; lastKnownFileType = sourcecode.swift; path = FlickrDemoTests.swift; sourceTree = "<group>"; };
		FFC8740A1F6454580025042D /* Info.plist */ = {isa = PBXFileReference; lastKnownFileType = text.plist.xml; path = Info.plist; sourceTree = "<group>"; };
		FFC874471F645AC30025042D /* FlickrCore.framework */ = {isa = PBXFileReference; explicitFileType = wrapper.framework; includeInIndex = 0; path = FlickrCore.framework; sourceTree = BUILT_PRODUCTS_DIR; };
		FFC874491F645AC30025042D /* FlickrCore.h */ = {isa = PBXFileReference; lastKnownFileType = sourcecode.c.h; path = FlickrCore.h; sourceTree = "<group>"; };
		FFC8744A1F645AC30025042D /* Info.plist */ = {isa = PBXFileReference; lastKnownFileType = text.plist.xml; path = Info.plist; sourceTree = "<group>"; };
		FFC8744F1F645AC30025042D /* FlickrCoreTests.xctest */ = {isa = PBXFileReference; explicitFileType = wrapper.cfbundle; includeInIndex = 0; path = FlickrCoreTests.xctest; sourceTree = BUILT_PRODUCTS_DIR; };
		FFC874561F645AC30025042D /* QueryServiceTest.swift */ = {isa = PBXFileReference; lastKnownFileType = sourcecode.swift; path = QueryServiceTest.swift; sourceTree = "<group>"; };
		FFC874581F645AC30025042D /* Info.plist */ = {isa = PBXFileReference; lastKnownFileType = text.plist.xml; path = Info.plist; sourceTree = "<group>"; };
		FFC874651F645AF10025042D /* QueryService.swift */ = {isa = PBXFileReference; lastKnownFileType = sourcecode.swift; path = QueryService.swift; sourceTree = "<group>"; };
		FFC874671F6463C80025042D /* APIClient.swift */ = {isa = PBXFileReference; lastKnownFileType = sourcecode.swift; path = APIClient.swift; sourceTree = "<group>"; };
/* End PBXFileReference section */

/* Begin PBXFrameworksBuildPhase section */
		FFC873ED1F6454580025042D /* Frameworks */ = {
			isa = PBXFrameworksBuildPhase;
			buildActionMask = 2147483647;
			files = (
				FFC8745C1F645AC30025042D /* FlickrCore.framework in Frameworks */,
			);
			runOnlyForDeploymentPostprocessing = 0;
		};
		FFC874011F6454580025042D /* Frameworks */ = {
			isa = PBXFrameworksBuildPhase;
			buildActionMask = 2147483647;
			files = (
			);
			runOnlyForDeploymentPostprocessing = 0;
		};
		FFC874431F645AC30025042D /* Frameworks */ = {
			isa = PBXFrameworksBuildPhase;
			buildActionMask = 2147483647;
			files = (
			);
			runOnlyForDeploymentPostprocessing = 0;
		};
		FFC8744C1F645AC30025042D /* Frameworks */ = {
			isa = PBXFrameworksBuildPhase;
			buildActionMask = 2147483647;
			files = (
				FFC874501F645AC30025042D /* FlickrCore.framework in Frameworks */,
			);
			runOnlyForDeploymentPostprocessing = 0;
		};
/* End PBXFrameworksBuildPhase section */

/* Begin PBXGroup section */
		FFC873E71F6454580025042D = {
			isa = PBXGroup;
			children = (
				FFC873F21F6454580025042D /* FlickrDemo */,
				FFC874071F6454580025042D /* FlickrDemoTests */,
				FFC874481F645AC30025042D /* FlickrCore */,
				FFC874551F645AC30025042D /* FlickrCoreTests */,
				FFC873F11F6454580025042D /* Products */,
			);
			sourceTree = "<group>";
		};
		FFC873F11F6454580025042D /* Products */ = {
			isa = PBXGroup;
			children = (
				FFC873F01F6454580025042D /* FlickrDemo.app */,
				FFC874041F6454580025042D /* FlickrDemoTests.xctest */,
				FFC874471F645AC30025042D /* FlickrCore.framework */,
				FFC8744F1F645AC30025042D /* FlickrCoreTests.xctest */,
			);
			name = Products;
			sourceTree = "<group>";
		};
		FFC873F21F6454580025042D /* FlickrDemo */ = {
			isa = PBXGroup;
			children = (
				FFC874151F64568D0025042D /* ImagesViewController */,
				FFC874141F6455F90025042D /* Resources */,
				FFC874131F6455E00025042D /* App */,
			);
			path = FlickrDemo;
			sourceTree = "<group>";
		};
		FFC874071F6454580025042D /* FlickrDemoTests */ = {
			isa = PBXGroup;
			children = (
				FFC874081F6454580025042D /* FlickrDemoTests.swift */,
				FFC8740A1F6454580025042D /* Info.plist */,
			);
			path = FlickrDemoTests;
			sourceTree = "<group>";
		};
		FFC874131F6455E00025042D /* App */ = {
			isa = PBXGroup;
			children = (
				FFC873FF1F6454580025042D /* Info.plist */,
				FFC873F31F6454580025042D /* AppDelegate.swift */,
				FFC873FC1F6454580025042D /* LaunchScreen.storyboard */,
			);
			path = App;
			sourceTree = "<group>";
		};
		FFC874141F6455F90025042D /* Resources */ = {
			isa = PBXGroup;
			children = (
				FFC873FA1F6454580025042D /* Assets.xcassets */,
			);
			path = Resources;
			sourceTree = "<group>";
		};
		FFC874151F64568D0025042D /* ImagesViewController */ = {
			isa = PBXGroup;
			children = (
				FFC873F51F6454580025042D /* ImagesViewController.swift */,
				FFC873F71F6454580025042D /* Images.storyboard */,
			);
			path = ImagesViewController;
			sourceTree = "<group>";
		};
		FFC874481F645AC30025042D /* FlickrCore */ = {
			isa = PBXGroup;
			children = (
				FFC874491F645AC30025042D /* FlickrCore.h */,
				FFC8744A1F645AC30025042D /* Info.plist */,
				FFC874651F645AF10025042D /* QueryService.swift */,
				FFC874671F6463C80025042D /* APIClient.swift */,
				FF371C521F65110000A47F29 /* ImageDownloadService.swift */,
				FF371C541F651EAB00A47F29 /* Models.swift */,
			);
			path = FlickrCore;
			sourceTree = "<group>";
		};
		FFC874551F645AC30025042D /* FlickrCoreTests */ = {
			isa = PBXGroup;
			children = (
				FFC874561F645AC30025042D /* QueryServiceTest.swift */,
				FF371C561F65234E00A47F29 /* ImageDownloadServiceTest.swift */,
				FFC874581F645AC30025042D /* Info.plist */,
			);
			path = FlickrCoreTests;
			sourceTree = "<group>";
		};
/* End PBXGroup section */

/* Begin PBXHeadersBuildPhase section */
		FFC874441F645AC30025042D /* Headers */ = {
			isa = PBXHeadersBuildPhase;
			buildActionMask = 2147483647;
			files = (
				FFC874591F645AC30025042D /* FlickrCore.h in Headers */,
			);
			runOnlyForDeploymentPostprocessing = 0;
		};
/* End PBXHeadersBuildPhase section */

/* Begin PBXNativeTarget section */
		FFC873EF1F6454580025042D /* FlickrDemo */ = {
			isa = PBXNativeTarget;
			buildConfigurationList = FFC8740D1F6454580025042D /* Build configuration list for PBXNativeTarget "FlickrDemo" */;
			buildPhases = (
				FFC873EC1F6454580025042D /* Sources */,
				FFC873ED1F6454580025042D /* Frameworks */,
				FFC873EE1F6454580025042D /* Resources */,
				FFC874631F645AC30025042D /* Embed Frameworks */,
			);
			buildRules = (
			);
			dependencies = (
				FFC8745B1F645AC30025042D /* PBXTargetDependency */,
			);
			name = FlickrDemo;
			productName = FlickrDemo;
			productReference = FFC873F01F6454580025042D /* FlickrDemo.app */;
			productType = "com.apple.product-type.application";
		};
		FFC874031F6454580025042D /* FlickrDemoTests */ = {
			isa = PBXNativeTarget;
			buildConfigurationList = FFC874101F6454580025042D /* Build configuration list for PBXNativeTarget "FlickrDemoTests" */;
			buildPhases = (
				FFC874001F6454580025042D /* Sources */,
				FFC874011F6454580025042D /* Frameworks */,
				FFC874021F6454580025042D /* Resources */,
			);
			buildRules = (
			);
			dependencies = (
				FFC874061F6454580025042D /* PBXTargetDependency */,
			);
			name = FlickrDemoTests;
			productName = FlickrDemoTests;
			productReference = FFC874041F6454580025042D /* FlickrDemoTests.xctest */;
			productType = "com.apple.product-type.bundle.unit-test";
		};
		FFC874461F645AC30025042D /* FlickrCore */ = {
			isa = PBXNativeTarget;
			buildConfigurationList = FFC874621F645AC30025042D /* Build configuration list for PBXNativeTarget "FlickrCore" */;
			buildPhases = (
				FFC874421F645AC30025042D /* Sources */,
				FFC874431F645AC30025042D /* Frameworks */,
				FFC874441F645AC30025042D /* Headers */,
				FFC874451F645AC30025042D /* Resources */,
			);
			buildRules = (
			);
			dependencies = (
			);
			name = FlickrCore;
			productName = FlickrCore;
			productReference = FFC874471F645AC30025042D /* FlickrCore.framework */;
			productType = "com.apple.product-type.framework";
		};
		FFC8744E1F645AC30025042D /* FlickrCoreTests */ = {
			isa = PBXNativeTarget;
			buildConfigurationList = FFC874641F645AC30025042D /* Build configuration list for PBXNativeTarget "FlickrCoreTests" */;
			buildPhases = (
				FFC8744B1F645AC30025042D /* Sources */,
				FFC8744C1F645AC30025042D /* Frameworks */,
				FFC8744D1F645AC30025042D /* Resources */,
			);
			buildRules = (
			);
			dependencies = (
				FFC874521F645AC30025042D /* PBXTargetDependency */,
			);
			name = FlickrCoreTests;
			productName = FlickrCoreTests;
			productReference = FFC8744F1F645AC30025042D /* FlickrCoreTests.xctest */;
			productType = "com.apple.product-type.bundle.unit-test";
		};
/* End PBXNativeTarget section */

/* Begin PBXProject section */
		FFC873E81F6454580025042D /* Project object */ = {
			isa = PBXProject;
			attributes = {
				LastSwiftUpdateCheck = 0900;
				LastUpgradeCheck = 0900;
				ORGANIZATIONNAME = tapthaker;
				TargetAttributes = {
					FFC873EF1F6454580025042D = {
						CreatedOnToolsVersion = 9.0;
						ProvisioningStyle = Automatic;
					};
					FFC874031F6454580025042D = {
						CreatedOnToolsVersion = 9.0;
						ProvisioningStyle = Automatic;
						TestTargetID = FFC873EF1F6454580025042D;
					};
					FFC874461F645AC30025042D = {
						CreatedOnToolsVersion = 9.0;
						LastSwiftMigration = 0900;
						ProvisioningStyle = Automatic;
					};
					FFC8744E1F645AC30025042D = {
						CreatedOnToolsVersion = 9.0;
						ProvisioningStyle = Automatic;
					};
				};
			};
			buildConfigurationList = FFC873EB1F6454580025042D /* Build configuration list for PBXProject "FlickrDemo" */;
			compatibilityVersion = "Xcode 8.0";
			developmentRegion = en;
			hasScannedForEncodings = 0;
			knownRegions = (
				en,
				Base,
			);
			mainGroup = FFC873E71F6454580025042D;
			productRefGroup = FFC873F11F6454580025042D /* Products */;
			projectDirPath = "";
			projectRoot = "";
			targets = (
				FFC873EF1F6454580025042D /* FlickrDemo */,
				FFC874031F6454580025042D /* FlickrDemoTests */,
				FFC874461F645AC30025042D /* FlickrCore */,
				FFC8744E1F645AC30025042D /* FlickrCoreTests */,
			);
		};
/* End PBXProject section */

/* Begin PBXResourcesBuildPhase section */
		FFC873EE1F6454580025042D /* Resources */ = {
			isa = PBXResourcesBuildPhase;
			buildActionMask = 2147483647;
			files = (
				FFC873FE1F6454580025042D /* LaunchScreen.storyboard in Resources */,
				FFC873FB1F6454580025042D /* Assets.xcassets in Resources */,
				FFC873F91F6454580025042D /* Images.storyboard in Resources */,
			);
			runOnlyForDeploymentPostprocessing = 0;
		};
		FFC874021F6454580025042D /* Resources */ = {
			isa = PBXResourcesBuildPhase;
			buildActionMask = 2147483647;
			files = (
			);
			runOnlyForDeploymentPostprocessing = 0;
		};
		FFC874451F645AC30025042D /* Resources */ = {
			isa = PBXResourcesBuildPhase;
			buildActionMask = 2147483647;
			files = (
			);
			runOnlyForDeploymentPostprocessing = 0;
		};
		FFC8744D1F645AC30025042D /* Resources */ = {
			isa = PBXResourcesBuildPhase;
			buildActionMask = 2147483647;
			files = (
			);
			runOnlyForDeploymentPostprocessing = 0;
		};
/* End PBXResourcesBuildPhase section */

/* Begin PBXSourcesBuildPhase section */
		FFC873EC1F6454580025042D /* Sources */ = {
			isa = PBXSourcesBuildPhase;
			buildActionMask = 2147483647;
			files = (
				FFC873F61F6454580025042D /* ImagesViewController.swift in Sources */,
				FFC873F41F6454580025042D /* AppDelegate.swift in Sources */,
			);
			runOnlyForDeploymentPostprocessing = 0;
		};
		FFC874001F6454580025042D /* Sources */ = {
			isa = PBXSourcesBuildPhase;
			buildActionMask = 2147483647;
			files = (
				FFC874091F6454580025042D /* FlickrDemoTests.swift in Sources */,
			);
			runOnlyForDeploymentPostprocessing = 0;
		};
		FFC874421F645AC30025042D /* Sources */ = {
			isa = PBXSourcesBuildPhase;
			buildActionMask = 2147483647;
			files = (
				FFC874661F645AF10025042D /* QueryService.swift in Sources */,
				FF371C531F65110000A47F29 /* ImageDownloadService.swift in Sources */,
				FFC874681F6463C80025042D /* APIClient.swift in Sources */,
				FF371C551F651EAB00A47F29 /* Models.swift in Sources */,
			);
			runOnlyForDeploymentPostprocessing = 0;
		};
		FFC8744B1F645AC30025042D /* Sources */ = {
			isa = PBXSourcesBuildPhase;
			buildActionMask = 2147483647;
			files = (
				FFC874571F645AC30025042D /* QueryServiceTest.swift in Sources */,
				FF371C571F65234E00A47F29 /* ImageDownloadServiceTest.swift in Sources */,
			);
			runOnlyForDeploymentPostprocessing = 0;
		};
/* End PBXSourcesBuildPhase section */

/* Begin PBXTargetDependency section */
		FFC874061F6454580025042D /* PBXTargetDependency */ = {
			isa = PBXTargetDependency;
			target = FFC873EF1F6454580025042D /* FlickrDemo */;
			targetProxy = FFC874051F6454580025042D /* PBXContainerItemProxy */;
		};
		FFC874521F645AC30025042D /* PBXTargetDependency */ = {
			isa = PBXTargetDependency;
			target = FFC874461F645AC30025042D /* FlickrCore */;
			targetProxy = FFC874511F645AC30025042D /* PBXContainerItemProxy */;
		};
		FFC8745B1F645AC30025042D /* PBXTargetDependency */ = {
			isa = PBXTargetDependency;
			target = FFC874461F645AC30025042D /* FlickrCore */;
			targetProxy = FFC8745A1F645AC30025042D /* PBXContainerItemProxy */;
		};
/* End PBXTargetDependency section */

/* Begin PBXVariantGroup section */
		FFC873F71F6454580025042D /* Images.storyboard */ = {
			isa = PBXVariantGroup;
			children = (
				FFC873F81F6454580025042D /* Base */,
			);
			name = Images.storyboard;
			sourceTree = "<group>";
		};
		FFC873FC1F6454580025042D /* LaunchScreen.storyboard */ = {
			isa = PBXVariantGroup;
			children = (
				FFC873FD1F6454580025042D /* Base */,
			);
			name = LaunchScreen.storyboard;
			sourceTree = "<group>";
		};
/* End PBXVariantGroup section */

/* Begin XCBuildConfiguration section */
		FFC8740B1F6454580025042D /* Debug */ = {
			isa = XCBuildConfiguration;
			buildSettings = {
				ALWAYS_SEARCH_USER_PATHS = NO;
				CLANG_ANALYZER_NONNULL = YES;
				CLANG_ANALYZER_NUMBER_OBJECT_CONVERSION = YES_AGGRESSIVE;
				CLANG_CXX_LANGUAGE_STANDARD = "gnu++14";
				CLANG_CXX_LIBRARY = "libc++";
				CLANG_ENABLE_MODULES = YES;
				CLANG_ENABLE_OBJC_ARC = YES;
				CLANG_WARN_BLOCK_CAPTURE_AUTORELEASING = YES;
				CLANG_WARN_BOOL_CONVERSION = YES;
				CLANG_WARN_COMMA = YES;
				CLANG_WARN_CONSTANT_CONVERSION = YES;
				CLANG_WARN_DIRECT_OBJC_ISA_USAGE = YES_ERROR;
				CLANG_WARN_DOCUMENTATION_COMMENTS = YES;
				CLANG_WARN_EMPTY_BODY = YES;
				CLANG_WARN_ENUM_CONVERSION = YES;
				CLANG_WARN_INFINITE_RECURSION = YES;
				CLANG_WARN_INT_CONVERSION = YES;
				CLANG_WARN_NON_LITERAL_NULL_CONVERSION = YES;
				CLANG_WARN_OBJC_LITERAL_CONVERSION = YES;
				CLANG_WARN_OBJC_ROOT_CLASS = YES_ERROR;
				CLANG_WARN_RANGE_LOOP_ANALYSIS = YES;
				CLANG_WARN_STRICT_PROTOTYPES = YES;
				CLANG_WARN_SUSPICIOUS_MOVE = YES;
				CLANG_WARN_UNGUARDED_AVAILABILITY = YES_AGGRESSIVE;
				CLANG_WARN_UNREACHABLE_CODE = YES;
				CLANG_WARN__DUPLICATE_METHOD_MATCH = YES;
				CODE_SIGN_IDENTITY = "iPhone Developer";
				COPY_PHASE_STRIP = NO;
				DEBUG_INFORMATION_FORMAT = dwarf;
				ENABLE_STRICT_OBJC_MSGSEND = YES;
				ENABLE_TESTABILITY = YES;
				GCC_C_LANGUAGE_STANDARD = gnu11;
				GCC_DYNAMIC_NO_PIC = NO;
				GCC_NO_COMMON_BLOCKS = YES;
				GCC_OPTIMIZATION_LEVEL = 0;
				GCC_PREPROCESSOR_DEFINITIONS = (
					"DEBUG=1",
					"$(inherited)",
				);
				GCC_WARN_64_TO_32_BIT_CONVERSION = YES;
				GCC_WARN_ABOUT_RETURN_TYPE = YES_ERROR;
				GCC_WARN_UNDECLARED_SELECTOR = YES;
				GCC_WARN_UNINITIALIZED_AUTOS = YES_AGGRESSIVE;
				GCC_WARN_UNUSED_FUNCTION = YES;
				GCC_WARN_UNUSED_VARIABLE = YES;
				IPHONEOS_DEPLOYMENT_TARGET = 11.0;
				MTL_ENABLE_DEBUG_INFO = YES;
				ONLY_ACTIVE_ARCH = YES;
				SDKROOT = iphoneos;
				SWIFT_ACTIVE_COMPILATION_CONDITIONS = DEBUG;
				SWIFT_OPTIMIZATION_LEVEL = "-Onone";
			};
			name = Debug;
		};
		FFC8740C1F6454580025042D /* Release */ = {
			isa = XCBuildConfiguration;
			buildSettings = {
				ALWAYS_SEARCH_USER_PATHS = NO;
				CLANG_ANALYZER_NONNULL = YES;
				CLANG_ANALYZER_NUMBER_OBJECT_CONVERSION = YES_AGGRESSIVE;
				CLANG_CXX_LANGUAGE_STANDARD = "gnu++14";
				CLANG_CXX_LIBRARY = "libc++";
				CLANG_ENABLE_MODULES = YES;
				CLANG_ENABLE_OBJC_ARC = YES;
				CLANG_WARN_BLOCK_CAPTURE_AUTORELEASING = YES;
				CLANG_WARN_BOOL_CONVERSION = YES;
				CLANG_WARN_COMMA = YES;
				CLANG_WARN_CONSTANT_CONVERSION = YES;
				CLANG_WARN_DIRECT_OBJC_ISA_USAGE = YES_ERROR;
				CLANG_WARN_DOCUMENTATION_COMMENTS = YES;
				CLANG_WARN_EMPTY_BODY = YES;
				CLANG_WARN_ENUM_CONVERSION = YES;
				CLANG_WARN_INFINITE_RECURSION = YES;
				CLANG_WARN_INT_CONVERSION = YES;
				CLANG_WARN_NON_LITERAL_NULL_CONVERSION = YES;
				CLANG_WARN_OBJC_LITERAL_CONVERSION = YES;
				CLANG_WARN_OBJC_ROOT_CLASS = YES_ERROR;
				CLANG_WARN_RANGE_LOOP_ANALYSIS = YES;
				CLANG_WARN_STRICT_PROTOTYPES = YES;
				CLANG_WARN_SUSPICIOUS_MOVE = YES;
				CLANG_WARN_UNGUARDED_AVAILABILITY = YES_AGGRESSIVE;
				CLANG_WARN_UNREACHABLE_CODE = YES;
				CLANG_WARN__DUPLICATE_METHOD_MATCH = YES;
				CODE_SIGN_IDENTITY = "iPhone Developer";
				COPY_PHASE_STRIP = NO;
				DEBUG_INFORMATION_FORMAT = "dwarf-with-dsym";
				ENABLE_NS_ASSERTIONS = NO;
				ENABLE_STRICT_OBJC_MSGSEND = YES;
				GCC_C_LANGUAGE_STANDARD = gnu11;
				GCC_NO_COMMON_BLOCKS = YES;
				GCC_WARN_64_TO_32_BIT_CONVERSION = YES;
				GCC_WARN_ABOUT_RETURN_TYPE = YES_ERROR;
				GCC_WARN_UNDECLARED_SELECTOR = YES;
				GCC_WARN_UNINITIALIZED_AUTOS = YES_AGGRESSIVE;
				GCC_WARN_UNUSED_FUNCTION = YES;
				GCC_WARN_UNUSED_VARIABLE = YES;
				IPHONEOS_DEPLOYMENT_TARGET = 11.0;
				MTL_ENABLE_DEBUG_INFO = NO;
				SDKROOT = iphoneos;
				SWIFT_OPTIMIZATION_LEVEL = "-Owholemodule";
				VALIDATE_PRODUCT = YES;
			};
			name = Release;
		};
		FFC8740E1F6454580025042D /* Debug */ = {
			isa = XCBuildConfiguration;
			buildSettings = {
				ALWAYS_EMBED_SWIFT_STANDARD_LIBRARIES = YES;
				ASSETCATALOG_COMPILER_APPICON_NAME = AppIcon;
				CODE_SIGN_STYLE = Automatic;
				INFOPLIST_FILE = "$(SRCROOT)/FlickrDemo/App/Info.plist";
				LD_RUNPATH_SEARCH_PATHS = "$(inherited) @executable_path/Frameworks";
				PRODUCT_BUNDLE_IDENTIFIER = com.tapthaker.FlickrDemo;
				PRODUCT_NAME = "$(TARGET_NAME)";
				SWIFT_VERSION = 4.0;
				TARGETED_DEVICE_FAMILY = "1,2";
			};
			name = Debug;
		};
		FFC8740F1F6454580025042D /* Release */ = {
			isa = XCBuildConfiguration;
			buildSettings = {
				ALWAYS_EMBED_SWIFT_STANDARD_LIBRARIES = YES;
				ASSETCATALOG_COMPILER_APPICON_NAME = AppIcon;
				CODE_SIGN_STYLE = Automatic;
				INFOPLIST_FILE = "$(SRCROOT)/FlickrDemo/App/Info.plist";
				LD_RUNPATH_SEARCH_PATHS = "$(inherited) @executable_path/Frameworks";
				PRODUCT_BUNDLE_IDENTIFIER = com.tapthaker.FlickrDemo;
				PRODUCT_NAME = "$(TARGET_NAME)";
				SWIFT_VERSION = 4.0;
				TARGETED_DEVICE_FAMILY = "1,2";
			};
			name = Release;
		};
		FFC874111F6454580025042D /* Debug */ = {
			isa = XCBuildConfiguration;
			buildSettings = {
				ALWAYS_EMBED_SWIFT_STANDARD_LIBRARIES = YES;
				BUNDLE_LOADER = "$(TEST_HOST)";
				CODE_SIGN_STYLE = Automatic;
				INFOPLIST_FILE = FlickrDemoTests/Info.plist;
				LD_RUNPATH_SEARCH_PATHS = "$(inherited) @executable_path/Frameworks @loader_path/Frameworks";
				PRODUCT_BUNDLE_IDENTIFIER = com.tapthaker.FlickrDemoTests;
				PRODUCT_NAME = "$(TARGET_NAME)";
				SWIFT_VERSION = 4.0;
				TARGETED_DEVICE_FAMILY = "1,2";
				TEST_HOST = "$(BUILT_PRODUCTS_DIR)/FlickrDemo.app/FlickrDemo";
			};
			name = Debug;
		};
		FFC874121F6454580025042D /* Release */ = {
			isa = XCBuildConfiguration;
			buildSettings = {
				ALWAYS_EMBED_SWIFT_STANDARD_LIBRARIES = YES;
				BUNDLE_LOADER = "$(TEST_HOST)";
				CODE_SIGN_STYLE = Automatic;
				INFOPLIST_FILE = FlickrDemoTests/Info.plist;
				LD_RUNPATH_SEARCH_PATHS = "$(inherited) @executable_path/Frameworks @loader_path/Frameworks";
				PRODUCT_BUNDLE_IDENTIFIER = com.tapthaker.FlickrDemoTests;
				PRODUCT_NAME = "$(TARGET_NAME)";
				SWIFT_VERSION = 4.0;
				TARGETED_DEVICE_FAMILY = "1,2";
				TEST_HOST = "$(BUILT_PRODUCTS_DIR)/FlickrDemo.app/FlickrDemo";
			};
			name = Release;
		};
		FFC8745E1F645AC30025042D /* Debug */ = {
			isa = XCBuildConfiguration;
			buildSettings = {
				CLANG_ENABLE_MODULES = YES;
				CODE_SIGN_IDENTITY = "";
				CODE_SIGN_STYLE = Automatic;
				CURRENT_PROJECT_VERSION = 1;
				DEFINES_MODULE = YES;
				DYLIB_COMPATIBILITY_VERSION = 1;
				DYLIB_CURRENT_VERSION = 1;
				DYLIB_INSTALL_NAME_BASE = "@rpath";
				INFOPLIST_FILE = FlickrCore/Info.plist;
				INSTALL_PATH = "$(LOCAL_LIBRARY_DIR)/Frameworks";
				LD_RUNPATH_SEARCH_PATHS = "$(inherited) @executable_path/Frameworks @loader_path/Frameworks";
				PRODUCT_BUNDLE_IDENTIFIER = com.tapthaker.FlickrCore;
				PRODUCT_NAME = "$(TARGET_NAME:c99extidentifier)";
				SKIP_INSTALL = YES;
				SWIFT_OPTIMIZATION_LEVEL = "-Onone";
				SWIFT_VERSION = 4.0;
				TARGETED_DEVICE_FAMILY = "1,2";
				VERSIONING_SYSTEM = "apple-generic";
				VERSION_INFO_PREFIX = "";
			};
			name = Debug;
		};
		FFC8745F1F645AC30025042D /* Release */ = {
			isa = XCBuildConfiguration;
			buildSettings = {
				CLANG_ENABLE_MODULES = YES;
				CODE_SIGN_IDENTITY = "";
				CODE_SIGN_STYLE = Automatic;
				CURRENT_PROJECT_VERSION = 1;
				DEFINES_MODULE = YES;
				DYLIB_COMPATIBILITY_VERSION = 1;
				DYLIB_CURRENT_VERSION = 1;
				DYLIB_INSTALL_NAME_BASE = "@rpath";
				INFOPLIST_FILE = FlickrCore/Info.plist;
				INSTALL_PATH = "$(LOCAL_LIBRARY_DIR)/Frameworks";
				LD_RUNPATH_SEARCH_PATHS = "$(inherited) @executable_path/Frameworks @loader_path/Frameworks";
				PRODUCT_BUNDLE_IDENTIFIER = com.tapthaker.FlickrCore;
				PRODUCT_NAME = "$(TARGET_NAME:c99extidentifier)";
				SKIP_INSTALL = YES;
				SWIFT_VERSION = 4.0;
				TARGETED_DEVICE_FAMILY = "1,2";
				VERSIONING_SYSTEM = "apple-generic";
				VERSION_INFO_PREFIX = "";
			};
			name = Release;
		};
		FFC874601F645AC30025042D /* Debug */ = {
			isa = XCBuildConfiguration;
			buildSettings = {
				ALWAYS_EMBED_SWIFT_STANDARD_LIBRARIES = YES;
				CODE_SIGN_STYLE = Automatic;
				INFOPLIST_FILE = FlickrCoreTests/Info.plist;
				LD_RUNPATH_SEARCH_PATHS = "$(inherited) @executable_path/Frameworks @loader_path/Frameworks";
				PRODUCT_BUNDLE_IDENTIFIER = com.tapthaker.FlickrCoreTests;
				PRODUCT_NAME = "$(TARGET_NAME)";
				SWIFT_VERSION = 4.0;
				TARGETED_DEVICE_FAMILY = "1,2";
			};
			name = Debug;
		};
		FFC874611F645AC30025042D /* Release */ = {
			isa = XCBuildConfiguration;
			buildSettings = {
				ALWAYS_EMBED_SWIFT_STANDARD_LIBRARIES = YES;
				CODE_SIGN_STYLE = Automatic;
				INFOPLIST_FILE = FlickrCoreTests/Info.plist;
				LD_RUNPATH_SEARCH_PATHS = "$(inherited) @executable_path/Frameworks @loader_path/Frameworks";
				PRODUCT_BUNDLE_IDENTIFIER = com.tapthaker.FlickrCoreTests;
				PRODUCT_NAME = "$(TARGET_NAME)";
				SWIFT_VERSION = 4.0;
				TARGETED_DEVICE_FAMILY = "1,2";
			};
			name = Release;
		};
/* End XCBuildConfiguration section */

/* Begin XCConfigurationList section */
		FFC873EB1F6454580025042D /* Build configuration list for PBXProject "FlickrDemo" */ = {
			isa = XCConfigurationList;
			buildConfigurations = (
				FFC8740B1F6454580025042D /* Debug */,
				FFC8740C1F6454580025042D /* Release */,
			);
			defaultConfigurationIsVisible = 0;
			defaultConfigurationName = Release;
		};
		FFC8740D1F6454580025042D /* Build configuration list for PBXNativeTarget "FlickrDemo" */ = {
			isa = XCConfigurationList;
			buildConfigurations = (
				FFC8740E1F6454580025042D /* Debug */,
				FFC8740F1F6454580025042D /* Release */,
			);
			defaultConfigurationIsVisible = 0;
			defaultConfigurationName = Release;
		};
		FFC874101F6454580025042D /* Build configuration list for PBXNativeTarget "FlickrDemoTests" */ = {
			isa = XCConfigurationList;
			buildConfigurations = (
				FFC874111F6454580025042D /* Debug */,
				FFC874121F6454580025042D /* Release */,
			);
			defaultConfigurationIsVisible = 0;
			defaultConfigurationName = Release;
		};
		FFC874621F645AC30025042D /* Build configuration list for PBXNativeTarget "FlickrCore" */ = {
			isa = XCConfigurationList;
			buildConfigurations = (
				FFC8745E1F645AC30025042D /* Debug */,
				FFC8745F1F645AC30025042D /* Release */,
			);
			defaultConfigurationIsVisible = 0;
			defaultConfigurationName = Release;
		};
		FFC874641F645AC30025042D /* Build configuration list for PBXNativeTarget "FlickrCoreTests" */ = {
			isa = XCConfigurationList;
			buildConfigurations = (
				FFC874601F645AC30025042D /* Debug */,
				FFC874611F645AC30025042D /* Release */,
			);
			defaultConfigurationIsVisible = 0;
			defaultConfigurationName = Release;
		};
/* End XCConfigurationList section */
	};
	rootObject = FFC873E81F6454580025042D /* Project object */;
}
